// !$*UTF8*$!
{
	archiveVersion = 1;
	classes = {
	};
	objectVersion = 46;
	objects = {

/* Begin PBXBuildFile section */
		037FD1CC1843383B00D142A2 /* Foundation.framework in Frameworks */ = {isa = PBXBuildFile; fileRef = 037FD1CB1843383B00D142A2 /* Foundation.framework */; };
		037FD1CE1843383B00D142A2 /* CoreGraphics.framework in Frameworks */ = {isa = PBXBuildFile; fileRef = 037FD1CD1843383B00D142A2 /* CoreGraphics.framework */; };
		037FD1D01843383B00D142A2 /* UIKit.framework in Frameworks */ = {isa = PBXBuildFile; fileRef = 037FD1CF1843383B00D142A2 /* UIKit.framework */; };
		037FD1D61843383B00D142A2 /* InfoPlist.strings in Resources */ = {isa = PBXBuildFile; fileRef = 037FD1D41843383B00D142A2 /* InfoPlist.strings */; };
		037FD1D81843383B00D142A2 /* main.m in Sources */ = {isa = PBXBuildFile; fileRef = 037FD1D71843383B00D142A2 /* main.m */; };
		037FD1DC1843383B00D142A2 /* AppDelegate.m in Sources */ = {isa = PBXBuildFile; fileRef = 037FD1DB1843383B00D142A2 /* AppDelegate.m */; };
		037FD1DE1843383B00D142A2 /* Images.xcassets in Resources */ = {isa = PBXBuildFile; fileRef = 037FD1DD1843383B00D142A2 /* Images.xcassets */; };
		037FD1E51843383C00D142A2 /* XCTest.framework in Frameworks */ = {isa = PBXBuildFile; fileRef = 037FD1E41843383C00D142A2 /* XCTest.framework */; };
		037FD1E61843383C00D142A2 /* Foundation.framework in Frameworks */ = {isa = PBXBuildFile; fileRef = 037FD1CB1843383B00D142A2 /* Foundation.framework */; };
		037FD1E71843383C00D142A2 /* UIKit.framework in Frameworks */ = {isa = PBXBuildFile; fileRef = 037FD1CF1843383B00D142A2 /* UIKit.framework */; };
		037FD1EF1843383C00D142A2 /* InfoPlist.strings in Resources */ = {isa = PBXBuildFile; fileRef = 037FD1ED1843383C00D142A2 /* InfoPlist.strings */; };
		037FD1F11843383C00D142A2 /* HRVTableViewTests.m in Sources */ = {isa = PBXBuildFile; fileRef = 037FD1F01843383C00D142A2 /* HRVTableViewTests.m */; };
		037FD1FD1843397A00D142A2 /* rootViewController.m in Sources */ = {isa = PBXBuildFile; fileRef = 037FD1FB1843397A00D142A2 /* rootViewController.m */; };
		037FD20118433BBF00D142A2 /* HVTableView.m in Sources */ = {isa = PBXBuildFile; fileRef = 037FD20018433BBF00D142A2 /* HVTableView.m */; };
		037FD2071843B43C00D142A2 /* 1.jpg in Resources */ = {isa = PBXBuildFile; fileRef = 037FD2021843B43C00D142A2 /* 1.jpg */; };
		037FD2081843B43C00D142A2 /* 2.jpg in Resources */ = {isa = PBXBuildFile; fileRef = 037FD2031843B43C00D142A2 /* 2.jpg */; };
		037FD2091843B43C00D142A2 /* 3.jpg in Resources */ = {isa = PBXBuildFile; fileRef = 037FD2041843B43C00D142A2 /* 3.jpg */; };
		037FD20A1843B43C00D142A2 /* 4.jpg in Resources */ = {isa = PBXBuildFile; fileRef = 037FD2051843B43C00D142A2 /* 4.jpg */; };
		037FD20B1843B43C00D142A2 /* 5.jpg in Resources */ = {isa = PBXBuildFile; fileRef = 037FD2061843B43C00D142A2 /* 5.jpg */; };
		037FD2111843B4A400D142A2 /* 6.jpg in Resources */ = {isa = PBXBuildFile; fileRef = 037FD20C1843B4A400D142A2 /* 6.jpg */; };
		037FD2121843B4A400D142A2 /* 7.jpg in Resources */ = {isa = PBXBuildFile; fileRef = 037FD20D1843B4A400D142A2 /* 7.jpg */; };
		037FD2131843B4A400D142A2 /* 8.jpg in Resources */ = {isa = PBXBuildFile; fileRef = 037FD20E1843B4A400D142A2 /* 8.jpg */; };
		037FD2141843B4A400D142A2 /* 9.jpg in Resources */ = {isa = PBXBuildFile; fileRef = 037FD20F1843B4A400D142A2 /* 9.jpg */; };
		037FD2151843B4A400D142A2 /* 10.jpg in Resources */ = {isa = PBXBuildFile; fileRef = 037FD2101843B4A400D142A2 /* 10.jpg */; };
		037FD2171843BB4E00D142A2 /* expandGlyph.png in Resources */ = {isa = PBXBuildFile; fileRef = 037FD2161843BB4E00D142A2 /* expandGlyph.png */; };
		85FD010619694C4B0014B487 /* Storyboard.storyboard in Resources */ = {isa = PBXBuildFile; fileRef = 85FD010519694C4B0014B487 /* Storyboard.storyboard */; };
/* End PBXBuildFile section */

/* Begin PBXContainerItemProxy section */
		037FD1E81843383C00D142A2 /* PBXContainerItemProxy */ = {
			isa = PBXContainerItemProxy;
			containerPortal = 037FD1C01843383B00D142A2 /* Project object */;
			proxyType = 1;
			remoteGlobalIDString = 037FD1C71843383B00D142A2;
			remoteInfo = HRVTableView;
		};
/* End PBXContainerItemProxy section */

/* Begin PBXFileReference section */
		037FD1C81843383B00D142A2 /* HRVTableView.app */ = {isa = PBXFileReference; explicitFileType = wrapper.application; includeInIndex = 0; path = HRVTableView.app; sourceTree = BUILT_PRODUCTS_DIR; };
		037FD1CB1843383B00D142A2 /* Foundation.framework */ = {isa = PBXFileReference; lastKnownFileType = wrapper.framework; name = Foundation.framework; path = System/Library/Frameworks/Foundation.framework; sourceTree = SDKROOT; };
		037FD1CD1843383B00D142A2 /* CoreGraphics.framework */ = {isa = PBXFileReference; lastKnownFileType = wrapper.framework; name = CoreGraphics.framework; path = System/Library/Frameworks/CoreGraphics.framework; sourceTree = SDKROOT; };
		037FD1CF1843383B00D142A2 /* UIKit.framework */ = {isa = PBXFileReference; lastKnownFileType = wrapper.framework; name = UIKit.framework; path = System/Library/Frameworks/UIKit.framework; sourceTree = SDKROOT; };
		037FD1D31843383B00D142A2 /* HRVTableView-Info.plist */ = {isa = PBXFileReference; lastKnownFileType = text.plist.xml; path = "HRVTableView-Info.plist"; sourceTree = "<group>"; };
		037FD1D51843383B00D142A2 /* en */ = {isa = PBXFileReference; lastKnownFileType = text.plist.strings; name = en; path = en.lproj/InfoPlist.strings; sourceTree = "<group>"; };
		037FD1D71843383B00D142A2 /* main.m */ = {isa = PBXFileReference; lastKnownFileType = sourcecode.c.objc; path = main.m; sourceTree = "<group>"; };
		037FD1D91843383B00D142A2 /* HRVTableView-Prefix.pch */ = {isa = PBXFileReference; lastKnownFileType = sourcecode.c.h; path = "HRVTableView-Prefix.pch"; sourceTree = "<group>"; };
		037FD1DA1843383B00D142A2 /* AppDelegate.h */ = {isa = PBXFileReference; lastKnownFileType = sourcecode.c.h; path = AppDelegate.h; sourceTree = "<group>"; };
		037FD1DB1843383B00D142A2 /* AppDelegate.m */ = {isa = PBXFileReference; lastKnownFileType = sourcecode.c.objc; path = AppDelegate.m; sourceTree = "<group>"; };
		037FD1DD1843383B00D142A2 /* Images.xcassets */ = {isa = PBXFileReference; lastKnownFileType = folder.assetcatalog; path = Images.xcassets; sourceTree = "<group>"; };
		037FD1E31843383C00D142A2 /* HRVTableViewTests.xctest */ = {isa = PBXFileReference; explicitFileType = wrapper.cfbundle; includeInIndex = 0; path = HRVTableViewTests.xctest; sourceTree = BUILT_PRODUCTS_DIR; };
		037FD1E41843383C00D142A2 /* XCTest.framework */ = {isa = PBXFileReference; lastKnownFileType = wrapper.framework; name = XCTest.framework; path = Library/Frameworks/XCTest.framework; sourceTree = DEVELOPER_DIR; };
		037FD1EC1843383C00D142A2 /* HRVTableViewTests-Info.plist */ = {isa = PBXFileReference; lastKnownFileType = text.plist.xml; path = "HRVTableViewTests-Info.plist"; sourceTree = "<group>"; };
		037FD1EE1843383C00D142A2 /* en */ = {isa = PBXFileReference; lastKnownFileType = text.plist.strings; name = en; path = en.lproj/InfoPlist.strings; sourceTree = "<group>"; };
		037FD1F01843383C00D142A2 /* HRVTableViewTests.m */ = {isa = PBXFileReference; lastKnownFileType = sourcecode.c.objc; path = HRVTableViewTests.m; sourceTree = "<group>"; };
		037FD1FA1843397A00D142A2 /* rootViewController.h */ = {isa = PBXFileReference; fileEncoding = 4; lastKnownFileType = sourcecode.c.h; path = rootViewController.h; sourceTree = "<group>"; };
		037FD1FB1843397A00D142A2 /* rootViewController.m */ = {isa = PBXFileReference; fileEncoding = 4; lastKnownFileType = sourcecode.c.objc; path = rootViewController.m; sourceTree = "<group>"; };
		037FD1FF18433BBF00D142A2 /* HVTableView.h */ = {isa = PBXFileReference; fileEncoding = 4; lastKnownFileType = sourcecode.c.h; path = HVTableView.h; sourceTree = "<group>"; };
		037FD20018433BBF00D142A2 /* HVTableView.m */ = {isa = PBXFileReference; fileEncoding = 4; lastKnownFileType = sourcecode.c.objc; path = HVTableView.m; sourceTree = "<group>"; };
		037FD2021843B43C00D142A2 /* 1.jpg */ = {isa = PBXFileReference; lastKnownFileType = image.jpeg; path = 1.jpg; sourceTree = "<group>"; };
		037FD2031843B43C00D142A2 /* 2.jpg */ = {isa = PBXFileReference; lastKnownFileType = image.jpeg; path = 2.jpg; sourceTree = "<group>"; };
		037FD2041843B43C00D142A2 /* 3.jpg */ = {isa = PBXFileReference; lastKnownFileType = image.jpeg; path = 3.jpg; sourceTree = "<group>"; };
		037FD2051843B43C00D142A2 /* 4.jpg */ = {isa = PBXFileReference; lastKnownFileType = image.jpeg; path = 4.jpg; sourceTree = "<group>"; };
		037FD2061843B43C00D142A2 /* 5.jpg */ = {isa = PBXFileReference; lastKnownFileType = image.jpeg; path = 5.jpg; sourceTree = "<group>"; };
		037FD20C1843B4A400D142A2 /* 6.jpg */ = {isa = PBXFileReference; lastKnownFileType = image.jpeg; path = 6.jpg; sourceTree = "<group>"; };
		037FD20D1843B4A400D142A2 /* 7.jpg */ = {isa = PBXFileReference; lastKnownFileType = image.jpeg; path = 7.jpg; sourceTree = "<group>"; };
		037FD20E1843B4A400D142A2 /* 8.jpg */ = {isa = PBXFileReference; lastKnownFileType = image.jpeg; path = 8.jpg; sourceTree = "<group>"; };
		037FD20F1843B4A400D142A2 /* 9.jpg */ = {isa = PBXFileReference; lastKnownFileType = image.jpeg; path = 9.jpg; sourceTree = "<group>"; };
		037FD2101843B4A400D142A2 /* 10.jpg */ = {isa = PBXFileReference; lastKnownFileType = image.jpeg; path = 10.jpg; sourceTree = "<group>"; };
		037FD2161843BB4E00D142A2 /* expandGlyph.png */ = {isa = PBXFileReference; lastKnownFileType = image.png; path = expandGlyph.png; sourceTree = "<group>"; };
		85FD010519694C4B0014B487 /* Storyboard.storyboard */ = {isa = PBXFileReference; fileEncoding = 4; lastKnownFileType = file.storyboard; path = Storyboard.storyboard; sourceTree = "<group>"; };
/* End PBXFileReference section */

/* Begin PBXFrameworksBuildPhase section */
		037FD1C51843383B00D142A2 /* Frameworks */ = {
			isa = PBXFrameworksBuildPhase;
			buildActionMask = 2147483647;
			files = (
				037FD1CE1843383B00D142A2 /* CoreGraphics.framework in Frameworks */,
				037FD1D01843383B00D142A2 /* UIKit.framework in Frameworks */,
				037FD1CC1843383B00D142A2 /* Foundation.framework in Frameworks */,
			);
			runOnlyForDeploymentPostprocessing = 0;
		};
		037FD1E01843383C00D142A2 /* Frameworks */ = {
			isa = PBXFrameworksBuildPhase;
			buildActionMask = 2147483647;
			files = (
				037FD1E51843383C00D142A2 /* XCTest.framework in Frameworks */,
				037FD1E71843383C00D142A2 /* UIKit.framework in Frameworks */,
				037FD1E61843383C00D142A2 /* Foundation.framework in Frameworks */,
			);
			runOnlyForDeploymentPostprocessing = 0;
		};
/* End PBXFrameworksBuildPhase section */

/* Begin PBXGroup section */
		037FD1BF1843383B00D142A2 = {
			isa = PBXGroup;
			children = (
				037FD1D11843383B00D142A2 /* HRVTableView */,
				037FD1EA1843383C00D142A2 /* HRVTableViewTests */,
				037FD1CA1843383B00D142A2 /* Frameworks */,
				037FD1C91843383B00D142A2 /* Products */,
			);
			sourceTree = "<group>";
		};
		037FD1C91843383B00D142A2 /* Products */ = {
			isa = PBXGroup;
			children = (
				037FD1C81843383B00D142A2 /* HRVTableView.app */,
				037FD1E31843383C00D142A2 /* HRVTableViewTests.xctest */,
			);
			name = Products;
			sourceTree = "<group>";
		};
		037FD1CA1843383B00D142A2 /* Frameworks */ = {
			isa = PBXGroup;
			children = (
				037FD1CB1843383B00D142A2 /* Foundation.framework */,
				037FD1CD1843383B00D142A2 /* CoreGraphics.framework */,
				037FD1CF1843383B00D142A2 /* UIKit.framework */,
				037FD1E41843383C00D142A2 /* XCTest.framework */,
			);
			name = Frameworks;
			sourceTree = "<group>";
		};
		037FD1D11843383B00D142A2 /* HRVTableView */ = {
			isa = PBXGroup;
			children = (
				037FD1FF18433BBF00D142A2 /* HVTableView.h */,
				037FD20018433BBF00D142A2 /* HVTableView.m */,
				037FD1FA1843397A00D142A2 /* rootViewController.h */,
				037FD1FB1843397A00D142A2 /* rootViewController.m */,
				037FD1DA1843383B00D142A2 /* AppDelegate.h */,
				037FD1DB1843383B00D142A2 /* AppDelegate.m */,
				85FD010519694C4B0014B487 /* Storyboard.storyboard */,
				037FD1DD1843383B00D142A2 /* Images.xcassets */,
				037FD1D21843383B00D142A2 /* Supporting Files */,
			);
			path = HRVTableView;
			sourceTree = "<group>";
		};
		037FD1D21843383B00D142A2 /* Supporting Files */ = {
			isa = PBXGroup;
			children = (
				037FD2161843BB4E00D142A2 /* expandGlyph.png */,
				037FD2021843B43C00D142A2 /* 1.jpg */,
				037FD2031843B43C00D142A2 /* 2.jpg */,
				037FD2041843B43C00D142A2 /* 3.jpg */,
				037FD2051843B43C00D142A2 /* 4.jpg */,
				037FD2061843B43C00D142A2 /* 5.jpg */,
				037FD20C1843B4A400D142A2 /* 6.jpg */,
				037FD20D1843B4A400D142A2 /* 7.jpg */,
				037FD20E1843B4A400D142A2 /* 8.jpg */,
				037FD20F1843B4A400D142A2 /* 9.jpg */,
				037FD2101843B4A400D142A2 /* 10.jpg */,
				037FD1D31843383B00D142A2 /* HRVTableView-Info.plist */,
				037FD1D41843383B00D142A2 /* InfoPlist.strings */,
				037FD1D71843383B00D142A2 /* main.m */,
				037FD1D91843383B00D142A2 /* HRVTableView-Prefix.pch */,
			);
			name = "Supporting Files";
			sourceTree = "<group>";
		};
		037FD1EA1843383C00D142A2 /* HRVTableViewTests */ = {
			isa = PBXGroup;
			children = (
				037FD1F01843383C00D142A2 /* HRVTableViewTests.m */,
				037FD1EB1843383C00D142A2 /* Supporting Files */,
			);
			path = HRVTableViewTests;
			sourceTree = "<group>";
		};
		037FD1EB1843383C00D142A2 /* Supporting Files */ = {
			isa = PBXGroup;
			children = (
				037FD1EC1843383C00D142A2 /* HRVTableViewTests-Info.plist */,
				037FD1ED1843383C00D142A2 /* InfoPlist.strings */,
			);
			name = "Supporting Files";
			sourceTree = "<group>";
		};
/* End PBXGroup section */

/* Begin PBXNativeTarget section */
		037FD1C71843383B00D142A2 /* HRVTableView */ = {
			isa = PBXNativeTarget;
			buildConfigurationList = 037FD1F41843383C00D142A2 /* Build configuration list for PBXNativeTarget "HRVTableView" */;
			buildPhases = (
				037FD1C41843383B00D142A2 /* Sources */,
				037FD1C51843383B00D142A2 /* Frameworks */,
				037FD1C61843383B00D142A2 /* Resources */,
			);
			buildRules = (
			);
			dependencies = (
			);
			name = HRVTableView;
			productName = HRVTableView;
			productReference = 037FD1C81843383B00D142A2 /* HRVTableView.app */;
			productType = "com.apple.product-type.application";
		};
		037FD1E21843383C00D142A2 /* HRVTableViewTests */ = {
			isa = PBXNativeTarget;
			buildConfigurationList = 037FD1F71843383C00D142A2 /* Build configuration list for PBXNativeTarget "HRVTableViewTests" */;
			buildPhases = (
				037FD1DF1843383C00D142A2 /* Sources */,
				037FD1E01843383C00D142A2 /* Frameworks */,
				037FD1E11843383C00D142A2 /* Resources */,
			);
			buildRules = (
			);
			dependencies = (
				037FD1E91843383C00D142A2 /* PBXTargetDependency */,
			);
			name = HRVTableViewTests;
			productName = HRVTableViewTests;
			productReference = 037FD1E31843383C00D142A2 /* HRVTableViewTests.xctest */;
			productType = "com.apple.product-type.bundle.unit-test";
		};
/* End PBXNativeTarget section */

/* Begin PBXProject section */
		037FD1C01843383B00D142A2 /* Project object */ = {
			isa = PBXProject;
			attributes = {
				LastUpgradeCheck = 0610;
				ORGANIZATIONNAME = "Hamidreza Vakilian";
				TargetAttributes = {
					037FD1E21843383C00D142A2 = {
						TestTargetID = 037FD1C71843383B00D142A2;
					};
				};
			};
			buildConfigurationList = 037FD1C31843383B00D142A2 /* Build configuration list for PBXProject "HRVTableView" */;
			compatibilityVersion = "Xcode 3.2";
			developmentRegion = English;
			hasScannedForEncodings = 0;
			knownRegions = (
				en,
			);
			mainGroup = 037FD1BF1843383B00D142A2;
			productRefGroup = 037FD1C91843383B00D142A2 /* Products */;
			projectDirPath = "";
			projectRoot = "";
			targets = (
				037FD1C71843383B00D142A2 /* HRVTableView */,
				037FD1E21843383C00D142A2 /* HRVTableViewTests */,
			);
		};
/* End PBXProject section */

/* Begin PBXResourcesBuildPhase section */
		037FD1C61843383B00D142A2 /* Resources */ = {
			isa = PBXResourcesBuildPhase;
			buildActionMask = 2147483647;
			files = (
				037FD2151843B4A400D142A2 /* 10.jpg in Resources */,
				037FD2131843B4A400D142A2 /* 8.jpg in Resources */,
				037FD2111843B4A400D142A2 /* 6.jpg in Resources */,
				037FD1D61843383B00D142A2 /* InfoPlist.strings in Resources */,
				037FD2171843BB4E00D142A2 /* expandGlyph.png in Resources */,
				037FD20B1843B43C00D142A2 /* 5.jpg in Resources */,
				037FD20A1843B43C00D142A2 /* 4.jpg in Resources */,
				037FD2071843B43C00D142A2 /* 1.jpg in Resources */,
				037FD2081843B43C00D142A2 /* 2.jpg in Resources */,
				037FD2091843B43C00D142A2 /* 3.jpg in Resources */,
				037FD2121843B4A400D142A2 /* 7.jpg in Resources */,
				037FD2141843B4A400D142A2 /* 9.jpg in Resources */,
				037FD1DE1843383B00D142A2 /* Images.xcassets in Resources */,
				85FD010619694C4B0014B487 /* Storyboard.storyboard in Resources */,
			);
			runOnlyForDeploymentPostprocessing = 0;
		};
		037FD1E11843383C00D142A2 /* Resources */ = {
			isa = PBXResourcesBuildPhase;
			buildActionMask = 2147483647;
			files = (
				037FD1EF1843383C00D142A2 /* InfoPlist.strings in Resources */,
			);
			runOnlyForDeploymentPostprocessing = 0;
		};
/* End PBXResourcesBuildPhase section */

/* Begin PBXSourcesBuildPhase section */
		037FD1C41843383B00D142A2 /* Sources */ = {
			isa = PBXSourcesBuildPhase;
			buildActionMask = 2147483647;
			files = (
				037FD1DC1843383B00D142A2 /* AppDelegate.m in Sources */,
				037FD20118433BBF00D142A2 /* HVTableView.m in Sources */,
				037FD1FD1843397A00D142A2 /* rootViewController.m in Sources */,
				037FD1D81843383B00D142A2 /* main.m in Sources */,
			);
			runOnlyForDeploymentPostprocessing = 0;
		};
		037FD1DF1843383C00D142A2 /* Sources */ = {
			isa = PBXSourcesBuildPhase;
			buildActionMask = 2147483647;
			files = (
				037FD1F11843383C00D142A2 /* HRVTableViewTests.m in Sources */,
			);
			runOnlyForDeploymentPostprocessing = 0;
		};
/* End PBXSourcesBuildPhase section */

/* Begin PBXTargetDependency section */
		037FD1E91843383C00D142A2 /* PBXTargetDependency */ = {
			isa = PBXTargetDependency;
			target = 037FD1C71843383B00D142A2 /* HRVTableView */;
			targetProxy = 037FD1E81843383C00D142A2 /* PBXContainerItemProxy */;
		};
/* End PBXTargetDependency section */

/* Begin PBXVariantGroup section */
		037FD1D41843383B00D142A2 /* InfoPlist.strings */ = {
			isa = PBXVariantGroup;
			children = (
				037FD1D51843383B00D142A2 /* en */,
			);
			name = InfoPlist.strings;
			sourceTree = "<group>";
		};
		037FD1ED1843383C00D142A2 /* InfoPlist.strings */ = {
			isa = PBXVariantGroup;
			children = (
				037FD1EE1843383C00D142A2 /* en */,
			);
			name = InfoPlist.strings;
			sourceTree = "<group>";
		};
/* End PBXVariantGroup section */

/* Begin XCBuildConfiguration section */
		037FD1F21843383C00D142A2 /* Debug */ = {
			isa = XCBuildConfiguration;
			buildSettings = {
				ALWAYS_SEARCH_USER_PATHS = NO;
				CLANG_CXX_LANGUAGE_STANDARD = "gnu++0x";
				CLANG_CXX_LIBRARY = "libc++";
				CLANG_ENABLE_MODULES = YES;
				CLANG_ENABLE_OBJC_ARC = YES;
				CLANG_WARN_BOOL_CONVERSION = YES;
				CLANG_WARN_CONSTANT_CONVERSION = YES;
				CLANG_WARN_DIRECT_OBJC_ISA_USAGE = YES_ERROR;
				CLANG_WARN_EMPTY_BODY = YES;
				CLANG_WARN_ENUM_CONVERSION = YES;
				CLANG_WARN_INT_CONVERSION = YES;
				CLANG_WARN_OBJC_ROOT_CLASS = YES_ERROR;
				CLANG_WARN__DUPLICATE_METHOD_MATCH = YES;
				"CODE_SIGN_IDENTITY[sdk=iphoneos*]" = "iPhone Developer";
				COPY_PHASE_STRIP = NO;
				GCC_C_LANGUAGE_STANDARD = gnu99;
				GCC_DYNAMIC_NO_PIC = NO;
				GCC_OPTIMIZATION_LEVEL = 0;
				GCC_PREPROCESSOR_DEFINITIONS = (
					"DEBUG=1",
					"$(inherited)",
				);
				GCC_SYMBOLS_PRIVATE_EXTERN = NO;
				GCC_WARN_64_TO_32_BIT_CONVERSION = YES;
				GCC_WARN_ABOUT_RETURN_TYPE = YES_ERROR;
				GCC_WARN_UNDECLARED_SELECTOR = YES;
				GCC_WARN_UNINITIALIZED_AUTOS = YES;
				GCC_WARN_UNUSED_FUNCTION = YES;
				GCC_WARN_UNUSED_VARIABLE = YES;
				IPHONEOS_DEPLOYMENT_TARGET = 7.0;
				ONLY_ACTIVE_ARCH = YES;
				SDKROOT = iphoneos;
				TARGETED_DEVICE_FAMILY = 2;
			};
			name = Debug;
		};
		037FD1F31843383C00D142A2 /* Release */ = {
			isa = XCBuildConfiguration;
			buildSettings = {
				ALWAYS_SEARCH_USER_PATHS = NO;
				CLANG_CXX_LANGUAGE_STANDARD = "gnu++0x";
				CLANG_CXX_LIBRARY = "libc++";
				CLANG_ENABLE_MODULES = YES;
				CLANG_ENABLE_OBJC_ARC = YES;
				CLANG_WARN_BOOL_CONVERSION = YES;
				CLANG_WARN_CONSTANT_CONVERSION = YES;
				CLANG_WARN_DIRECT_OBJC_ISA_USAGE = YES_ERROR;
				CLANG_WARN_EMPTY_BODY = YES;
				CLANG_WARN_ENUM_CONVERSION = YES;
				CLANG_WARN_INT_CONVERSION = YES;
				CLANG_WARN_OBJC_ROOT_CLASS = YES_ERROR;
				CLANG_WARN__DUPLICATE_METHOD_MATCH = YES;
				"CODE_SIGN_IDENTITY[sdk=iphoneos*]" = "iPhone Developer";
				COPY_PHASE_STRIP = YES;
				ENABLE_NS_ASSERTIONS = NO;
				GCC_C_LANGUAGE_STANDARD = gnu99;
				GCC_WARN_64_TO_32_BIT_CONVERSION = YES;
				GCC_WARN_ABOUT_RETURN_TYPE = YES_ERROR;
				GCC_WARN_UNDECLARED_SELECTOR = YES;
				GCC_WARN_UNINITIALIZED_AUTOS = YES;
				GCC_WARN_UNUSED_FUNCTION = YES;
				GCC_WARN_UNUSED_VARIABLE = YES;
				IPHONEOS_DEPLOYMENT_TARGET = 7.0;
				SDKROOT = iphoneos;
				TARGETED_DEVICE_FAMILY = 2;
				VALIDATE_PRODUCT = YES;
			};
			name = Release;
		};
		037FD1F51843383C00D142A2 /* Debug */ = {
			isa = XCBuildConfiguration;
			buildSettings = {
				ASSETCATALOG_COMPILER_APPICON_NAME = AppIcon;
				ASSETCATALOG_COMPILER_LAUNCHIMAGE_NAME = LaunchImage;
				GCC_PRECOMPILE_PREFIX_HEADER = YES;
				GCC_PREFIX_HEADER = "HRVTableView/HRVTableView-Prefix.pch";
				INFOPLIST_FILE = "HRVTableView/HRVTableView-Info.plist";
				PRODUCT_NAME = "$(TARGET_NAME)";
				WRAPPER_EXTENSION = app;
			};
			name = Debug;
		};
		037FD1F61843383C00D142A2 /* Release */ = {
			isa = XCBuildConfiguration;
			buildSettings = {
				ASSETCATALOG_COMPILER_APPICON_NAME = AppIcon;
				ASSETCATALOG_COMPILER_LAUNCHIMAGE_NAME = LaunchImage;
				GCC_PRECOMPILE_PREFIX_HEADER = YES;
				GCC_PREFIX_HEADER = "HRVTableView/HRVTableView-Prefix.pch";
				INFOPLIST_FILE = "HRVTableView/HRVTableView-Info.plist";
				PRODUCT_NAME = "$(TARGET_NAME)";
				WRAPPER_EXTENSION = app;
			};
			name = Release;
		};
		037FD1F81843383C00D142A2 /* Debug */ = {
			isa = XCBuildConfiguration;
			buildSettings = {
				BUNDLE_LOADER = "$(BUILT_PRODUCTS_DIR)/HRVTableView.app/HRVTableView";
				FRAMEWORK_SEARCH_PATHS = (
					"$(SDKROOT)/Developer/Library/Frameworks",
					"$(inherited)",
					"$(DEVELOPER_FRAMEWORKS_DIR)",
				);
				GCC_PRECOMPILE_PREFIX_HEADER = YES;
				GCC_PREFIX_HEADER = "HRVTableView/HRVTableView-Prefix.pch";
				GCC_PREPROCESSOR_DEFINITIONS = (
					"DEBUG=1",
					"$(inherited)",
				);
				INFOPLIST_FILE = "HRVTableViewTests/HRVTableViewTests-Info.plist";
				PRODUCT_NAME = "$(TARGET_NAME)";
				TEST_HOST = "$(BUNDLE_LOADER)";
				WRAPPER_EXTENSION = xctest;
			};
			name = Debug;
		};
		037FD1F91843383C00D142A2 /* Release */ = {
			isa = XCBuildConfiguration;
			buildSettings = {
				BUNDLE_LOADER = "$(BUILT_PRODUCTS_DIR)/HRVTableView.app/HRVTableView";
				FRAMEWORK_SEARCH_PATHS = (
					"$(SDKROOT)/Developer/Library/Frameworks",
					"$(inherited)",
					"$(DEVELOPER_FRAMEWORKS_DIR)",
				);
				GCC_PRECOMPILE_PREFIX_HEADER = YES;
				GCC_PREFIX_HEADER = "HRVTableView/HRVTableView-Prefix.pch";
				INFOPLIST_FILE = "HRVTableViewTests/HRVTableViewTests-Info.plist";
				PRODUCT_NAME = "$(TARGET_NAME)";
				TEST_HOST = "$(BUNDLE_LOADER)";
				WRAPPER_EXTENSION = xctest;
			};
			name = Release;
		};
/* End XCBuildConfiguration section */

/* Begin XCConfigurationList section */
		037FD1C31843383B00D142A2 /* Build configuration list for PBXProject "HRVTableView" */ = {
			isa = XCConfigurationList;
			buildConfigurations = (
				037FD1F21843383C00D142A2 /* Debug */,
				037FD1F31843383C00D142A2 /* Release */,
			);
			defaultConfigurationIsVisible = 0;
			defaultConfigurationName = Release;
		};
		037FD1F41843383C00D142A2 /* Build configuration list for PBXNativeTarget "HRVTableView" */ = {
			isa = XCConfigurationList;
			buildConfigurations = (
				037FD1F51843383C00D142A2 /* Debug */,
				037FD1F61843383C00D142A2 /* Release */,
			);
			defaultConfigurationIsVisible = 0;
			defaultConfigurationName = Release;
		};
		037FD1F71843383C00D142A2 /* Build configuration list for PBXNativeTarget "HRVTableViewTests" */ = {
			isa = XCConfigurationList;
			buildConfigurations = (
				037FD1F81843383C00D142A2 /* Debug */,
				037FD1F91843383C00D142A2 /* Release */,
			);
			defaultConfigurationIsVisible = 0;
			defaultConfigurationName = Release;
		};
/* End XCConfigurationList section */
	};
	rootObject = 037FD1C01843383B00D142A2 /* Project object */;
}
